
Microsoft Visual Studio Solution File, Format Version 12.00
# Visual Studio Version 17
VisualStudioVersion = 17.8.34408.163
MinimumVisualStudioVersion = 10.0.40219.1
Project("{2150E333-8FDC-42A3-9474-1A3956D46DE8}") = "Core", "Core", "{9C22602D-77F3-4955-8514-2B05959C1742}"
EndProject
Project("{2150E333-8FDC-42A3-9474-1A3956D46DE8}") = "Infrastructure", "Infrastructure", "{1FED4F66-40C7-4168-A89F-C97E6F3D9682}"
EndProject
Project("{2150E333-8FDC-42A3-9474-1A3956D46DE8}") = "Presentation", "Presentation", "{3871B44A-D446-4081-9218-36D0560EE29A}"
EndProject
Project("{2150E333-8FDC-42A3-9474-1A3956D46DE8}") = "Tests", "Tests", "{F9036640-E6C5-47DF-87F4-9EC753BD8374}"
EndProject
Project("{9A19103F-16F7-4668-BE54-9A1E7A4F7556}") = "Notes.Domain", "Notes.Domain\Notes.Domain.csproj", "{DB12C3F0-C859-42C7-BF84-E02470A12C75}"
EndProject
Project("{9A19103F-16F7-4668-BE54-9A1E7A4F7556}") = "Notes.Application", "Notes.Application\Notes.Application.csproj", "{2C1F309B-98E8-4C72-BB15-3377477BBAF8}"
EndProject
Project("{9A19103F-16F7-4668-BE54-9A1E7A4F7556}") = "Notes.Persistence", "Notes.Persistence\Notes.Persistence.csproj", "{F8AEA93F-9581-4863-B378-5A5DED8BCD36}"
EndProject
Project("{9A19103F-16F7-4668-BE54-9A1E7A4F7556}") = "Notes.WebAPI", "Notes.WebAPI\Notes.WebAPI.csproj", "{3D5B47D5-8FF9-4D93-BB4F-873F2C13410E}"
EndProject
Project("{FAE04EC0-301F-11D3-BF4B-00C04F79EFBC}") = "Notes.Tests", "Notes.Tests\Notes.Tests.csproj", "{3E9A2429-FB96-4ED1-840A-095FA1328379}"
EndProject
Global
	GlobalSection(SolutionConfigurationPlatforms) = preSolution
		Debug|Any CPU = Debug|Any CPU
		Release|Any CPU = Release|Any CPU
	EndGlobalSection
	GlobalSection(ProjectConfigurationPlatforms) = postSolution
		{DB12C3F0-C859-42C7-BF84-E02470A12C75}.Debug|Any CPU.ActiveCfg = Debug|Any CPU
		{DB12C3F0-C859-42C7-BF84-E02470A12C75}.Debug|Any CPU.Build.0 = Debug|Any CPU
		{DB12C3F0-C859-42C7-BF84-E02470A12C75}.Release|Any CPU.ActiveCfg = Release|Any CPU
		{DB12C3F0-C859-42C7-BF84-E02470A12C75}.Release|Any CPU.Build.0 = Release|Any CPU
		{2C1F309B-98E8-4C72-BB15-3377477BBAF8}.Debug|Any CPU.ActiveCfg = Debug|Any CPU
		{2C1F309B-98E8-4C72-BB15-3377477BBAF8}.Debug|Any CPU.Build.0 = Debug|Any CPU
		{2C1F309B-98E8-4C72-BB15-3377477BBAF8}.Release|Any CPU.ActiveCfg = Release|Any CPU
		{2C1F309B-98E8-4C72-BB15-3377477BBAF8}.Release|Any CPU.Build.0 = Release|Any CPU
		{F8AEA93F-9581-4863-B378-5A5DED8BCD36}.Debug|Any CPU.ActiveCfg = Debug|Any CPU
		{F8AEA93F-9581-4863-B378-5A5DED8BCD36}.Debug|Any CPU.Build.0 = Debug|Any CPU
		{F8AEA93F-9581-4863-B378-5A5DED8BCD36}.Release|Any CPU.ActiveCfg = Release|Any CPU
		{F8AEA93F-9581-4863-B378-5A5DED8BCD36}.Release|Any CPU.Build.0 = Release|Any CPU
		{3D5B47D5-8FF9-4D93-BB4F-873F2C13410E}.Debug|Any CPU.ActiveCfg = Debug|Any CPU
		{3D5B47D5-8FF9-4D93-BB4F-873F2C13410E}.Debug|Any CPU.Build.0 = Debug|Any CPU
		{3D5B47D5-8FF9-4D93-BB4F-873F2C13410E}.Release|Any CPU.ActiveCfg = Release|Any CPU
		{3D5B47D5-8FF9-4D93-BB4F-873F2C13410E}.Release|Any CPU.Build.0 = Release|Any CPU
		{3E9A2429-FB96-4ED1-840A-095FA1328379}.Debug|Any CPU.ActiveCfg = Debug|Any CPU
		{3E9A2429-FB96-4ED1-840A-095FA1328379}.Debug|Any CPU.Build.0 = Debug|Any CPU
		{3E9A2429-FB96-4ED1-840A-095FA1328379}.Release|Any CPU.ActiveCfg = Release|Any CPU
		{3E9A2429-FB96-4ED1-840A-095FA1328379}.Release|Any CPU.Build.0 = Release|Any CPU
	EndGlobalSection
	GlobalSection(SolutionProperties) = preSolution
		HideSolutionNode = FALSE
	EndGlobalSection
	GlobalSection(NestedProjects) = preSolution
		{DB12C3F0-C859-42C7-BF84-E02470A12C75} = {9C22602D-77F3-4955-8514-2B05959C1742}
		{2C1F309B-98E8-4C72-BB15-3377477BBAF8} = {9C22602D-77F3-4955-8514-2B05959C1742}
		{F8AEA93F-9581-4863-B378-5A5DED8BCD36} = {1FED4F66-40C7-4168-A89F-C97E6F3D9682}
		{3D5B47D5-8FF9-4D93-BB4F-873F2C13410E} = {3871B44A-D446-4081-9218-36D0560EE29A}
		{3E9A2429-FB96-4ED1-840A-095FA1328379} = {F9036640-E6C5-47DF-87F4-9EC753BD8374}
	EndGlobalSection
	GlobalSection(ExtensibilityGlobals) = postSolution
		SolutionGuid = {24B6CC99-3763-4DED-B048-AEC78D6276D6}
	EndGlobalSection
EndGlobal
